
Microsoft Visual Studio Solution File, Format Version 11.00
# Visual Studio 2010
Project("{FAE04EC0-301F-11D3-BF4B-00C04F79EFBC}") = "UnityEngine.TestRunner", "UnityEngine.TestRunner.csproj", "{daa91918-5914-5dd3-486f-e01c7881ff96}"
EndProject
Project("{FAE04EC0-301F-11D3-BF4B-00C04F79EFBC}") = "UnityEngine.UI", "UnityEngine.UI.csproj", "{4f2a09de-9631-231f-36e2-211401857908}"
EndProject
Project("{FAE04EC0-301F-11D3-BF4B-00C04F79EFBC}") = "Unity.VisualScripting.Flow", "Unity.VisualScripting.Flow.csproj", "{9320aab8-cf0a-c7bc-8990-1493cfd21139}"
EndProject
Project("{FAE04EC0-301F-11D3-BF4B-00C04F79EFBC}") = "Unity.VisualScripting.State", "Unity.VisualScripting.State.csproj", "{175c7dd7-b390-c61f-fdbb-436fb107ed0a}"
EndProject
Project("{FAE04EC0-301F-11D3-BF4B-00C04F79EFBC}") = "Unity.VisualScripting.Core", "Unity.VisualScripting.Core.csproj", "{8a64ec33-d0f0-3e29-a07f-a99ec318b028}"
EndProject
Project("{FAE04EC0-301F-11D3-BF4B-00C04F79EFBC}") = "Unity.TextMeshPro", "Unity.TextMeshPro.csproj", "{ed782556-e9cf-718d-d8c3-682970945491}"
EndProject
Project("{FAE04EC0-301F-11D3-BF4B-00C04F79EFBC}") = "Unity.Timeline", "Unity.Timeline.csproj", "{46f4f435-83bb-2541-d76a-d873a54eee26}"
EndProject
Project("{FAE04EC0-301F-11D3-BF4B-00C04F79EFBC}") = "Assembly-CSharp-firstpass", "Assembly-CSharp-firstpass.csproj", "{53ee87f9-6cd9-33cb-a39b-cb231d98d942}"
EndProject
Project("{FAE04EC0-301F-11D3-BF4B-00C04F79EFBC}") = "Assembly-CSharp", "Assembly-CSharp.csproj", "{f6287af9-3b36-149a-c028-a55611611859}"
EndProject
Project("{FAE04EC0-301F-11D3-BF4B-00C04F79EFBC}") = "Unity.PlasticSCM.Editor", "Unity.PlasticSCM.Editor.csproj", "{ecd68b7b-2b5e-6648-bb6f-cd0c26a0d53c}"
EndProject
Project("{FAE04EC0-301F-11D3-BF4B-00C04F79EFBC}") = "Unity.VisualScripting.Core.Editor", "Unity.VisualScripting.Core.Editor.csproj", "{ea850d41-10ee-4d28-8814-79bc4ead544a}"
EndProject
Project("{FAE04EC0-301F-11D3-BF4B-00C04F79EFBC}") = "Unity.VisualScripting.Flow.Editor", "Unity.VisualScripting.Flow.Editor.csproj", "{19cda769-c96c-ffe5-66e5-5fa2802f6d3c}"
EndProject
Project("{FAE04EC0-301F-11D3-BF4B-00C04F79EFBC}") = "Unity.VisualStudio.Editor", "Unity.VisualStudio.Editor.csproj", "{d7a2d5b9-c8c8-83fd-1dc7-efebc1fd7eb2}"
EndProject
Project("{FAE04EC0-301F-11D3-BF4B-00C04F79EFBC}") = "Unity.Timeline.Editor", "Unity.Timeline.Editor.csproj", "{268c766e-58ea-f36c-3c74-323da6517bd6}"
EndProject
Project("{FAE04EC0-301F-11D3-BF4B-00C04F79EFBC}") = "Unity.VisualScripting.State.Editor", "Unity.VisualScripting.State.Editor.csproj", "{492d9d58-1f73-1242-9045-71576a670b8e}"
EndProject
Project("{FAE04EC0-301F-11D3-BF4B-00C04F79EFBC}") = "Unity.TextMeshPro.Editor", "Unity.TextMeshPro.Editor.csproj", "{4324eee6-0639-a544-0087-351a7628683f}"
EndProject
Project("{FAE04EC0-301F-11D3-BF4B-00C04F79EFBC}") = "Unity.VisualScripting.SettingsProvider.Editor", "Unity.VisualScripting.SettingsProvider.Editor.csproj", "{e6855db1-a3e0-76ac-0f9a-c4d21f92f9a3}"
EndProject
Project("{FAE04EC0-301F-11D3-BF4B-00C04F79EFBC}") = "Unity.CollabProxy.Editor", "Unity.CollabProxy.Editor.csproj", "{478fd22d-c437-4284-50e5-739952c7b052}"
EndProject
Project("{FAE04EC0-301F-11D3-BF4B-00C04F79EFBC}") = "UnityEditor.TestRunner", "UnityEditor.TestRunner.csproj", "{6b12b966-09a5-34fa-9fa1-32cb5d11fcb9}"
EndProject
Project("{FAE04EC0-301F-11D3-BF4B-00C04F79EFBC}") = "Unity.Rider.Editor", "Unity.Rider.Editor.csproj", "{f67e8a0a-1b20-43ca-56ca-4ed947c07212}"
EndProject
Project("{FAE04EC0-301F-11D3-BF4B-00C04F79EFBC}") = "Unity.VSCode.Editor", "Unity.VSCode.Editor.csproj", "{e41bafea-f6a1-0820-c2c8-40425c6125fd}"
EndProject
Project("{FAE04EC0-301F-11D3-BF4B-00C04F79EFBC}") = "UnityEditor.UI", "UnityEditor.UI.csproj", "{f1fb3e65-2707-f77b-6a1a-50d02c3e917d}"
EndProject
Project("{FAE04EC0-301F-11D3-BF4B-00C04F79EFBC}") = "Assembly-CSharp-Editor-firstpass", "Assembly-CSharp-Editor-firstpass.csproj", "{b5231419-35b2-78e4-651f-c1dfc45260a3}"
EndProject
Project("{FAE04EC0-301F-11D3-BF4B-00C04F79EFBC}") = "Unity.VisualScripting.Welcome.Editor", "Unity.VisualScripting.Welcome.Editor.csproj", "{1a3c6c38-0c7b-f347-1d81-bde4a78c1787}"
EndProject
Project("{FAE04EC0-301F-11D3-BF4B-00C04F79EFBC}") = "Unity.PlasticSCM.EditorTests", "Unity.PlasticSCM.EditorTests.csproj", "{734040dd-c29c-b45c-24c7-9fc77e371370}"
EndProject
Project("{FAE04EC0-301F-11D3-BF4B-00C04F79EFBC}") = "Unity.TextMeshPro.Editor.Tests", "Unity.TextMeshPro.Editor.Tests.csproj", "{ae97c53a-cba0-5ee4-28a1-6896146ca35e}"
EndProject
Project("{FAE04EC0-301F-11D3-BF4B-00C04F79EFBC}") = "DocCodeExamples", "DocCodeExamples.csproj", "{5fc88248-82be-5e94-c526-860c0aed2324}"
EndProject
Project("{FAE04EC0-301F-11D3-BF4B-00C04F79EFBC}") = "Unity.CollabProxy.EditorTests", "Unity.CollabProxy.EditorTests.csproj", "{7036571f-2bbd-3eb2-7246-93801a9f5381}"
EndProject
Project("{FAE04EC0-301F-11D3-BF4B-00C04F79EFBC}") = "UnityEngine.UI.Tests", "UnityEngine.UI.Tests.csproj", "{168ec263-c0ce-5b93-13be-f155ea984174}"
EndProject
Project("{FAE04EC0-301F-11D3-BF4B-00C04F79EFBC}") = "Unity.Nuget.NewtonsoftJson.EditorTests", "Unity.Nuget.NewtonsoftJson.EditorTests.csproj", "{b842bf25-6965-ac01-c3bd-1a176af7af47}"
EndProject
Project("{FAE04EC0-301F-11D3-BF4B-00C04F79EFBC}") = "Unity.TextMeshPro.Tests", "Unity.TextMeshPro.Tests.csproj", "{bbf998df-51e2-36bd-3cc7-531f618987ff}"
EndProject
Project("{FAE04EC0-301F-11D3-BF4B-00C04F79EFBC}") = "UnityEditor.UI.EditorTests", "UnityEditor.UI.EditorTests.csproj", "{ce34121a-6d51-f5fe-494a-23133c2c7bb4}"
EndProject
Global
	GlobalSection(SolutionConfigurationPlatforms) = preSolution
		Debug|Any CPU = Debug|Any CPU
	EndGlobalSection
	GlobalSection(ProjectConfigurationPlatforms) = postSolution
		{daa91918-5914-5dd3-486f-e01c7881ff96}.Debug|Any CPU.ActiveCfg = Debug|Any CPU
		{daa91918-5914-5dd3-486f-e01c7881ff96}.Debug|Any CPU.Build.0 = Debug|Any CPU
		{4f2a09de-9631-231f-36e2-211401857908}.Debug|Any CPU.ActiveCfg = Debug|Any CPU
		{4f2a09de-9631-231f-36e2-211401857908}.Debug|Any CPU.Build.0 = Debug|Any CPU
		{9320aab8-cf0a-c7bc-8990-1493cfd21139}.Debug|Any CPU.ActiveCfg = Debug|Any CPU
		{9320aab8-cf0a-c7bc-8990-1493cfd21139}.Debug|Any CPU.Build.0 = Debug|Any CPU
		{175c7dd7-b390-c61f-fdbb-436fb107ed0a}.Debug|Any CPU.ActiveCfg = Debug|Any CPU
		{175c7dd7-b390-c61f-fdbb-436fb107ed0a}.Debug|Any CPU.Build.0 = Debug|Any CPU
		{8a64ec33-d0f0-3e29-a07f-a99ec318b028}.Debug|Any CPU.ActiveCfg = Debug|Any CPU
		{8a64ec33-d0f0-3e29-a07f-a99ec318b028}.Debug|Any CPU.Build.0 = Debug|Any CPU
		{ed782556-e9cf-718d-d8c3-682970945491}.Debug|Any CPU.ActiveCfg = Debug|Any CPU
		{ed782556-e9cf-718d-d8c3-682970945491}.Debug|Any CPU.Build.0 = Debug|Any CPU
		{46f4f435-83bb-2541-d76a-d873a54eee26}.Debug|Any CPU.ActiveCfg = Debug|Any CPU
		{46f4f435-83bb-2541-d76a-d873a54eee26}.Debug|Any CPU.Build.0 = Debug|Any CPU
		{53ee87f9-6cd9-33cb-a39b-cb231d98d942}.Debug|Any CPU.ActiveCfg = Debug|Any CPU
		{53ee87f9-6cd9-33cb-a39b-cb231d98d942}.Debug|Any CPU.Build.0 = Debug|Any CPU
		{f6287af9-3b36-149a-c028-a55611611859}.Debug|Any CPU.ActiveCfg = Debug|Any CPU
		{f6287af9-3b36-149a-c028-a55611611859}.Debug|Any CPU.Build.0 = Debug|Any CPU
		{ecd68b7b-2b5e-6648-bb6f-cd0c26a0d53c}.Debug|Any CPU.ActiveCfg = Debug|Any CPU
		{ecd68b7b-2b5e-6648-bb6f-cd0c26a0d53c}.Debug|Any CPU.Build.0 = Debug|Any CPU
		{ea850d41-10ee-4d28-8814-79bc4ead544a}.Debug|Any CPU.ActiveCfg = Debug|Any CPU
		{ea850d41-10ee-4d28-8814-79bc4ead544a}.Debug|Any CPU.Build.0 = Debug|Any CPU
		{19cda769-c96c-ffe5-66e5-5fa2802f6d3c}.Debug|Any CPU.ActiveCfg = Debug|Any CPU
		{19cda769-c96c-ffe5-66e5-5fa2802f6d3c}.Debug|Any CPU.Build.0 = Debug|Any CPU
		{d7a2d5b9-c8c8-83fd-1dc7-efebc1fd7eb2}.Debug|Any CPU.ActiveCfg = Debug|Any CPU
		{d7a2d5b9-c8c8-83fd-1dc7-efebc1fd7eb2}.Debug|Any CPU.Build.0 = Debug|Any CPU
		{268c766e-58ea-f36c-3c74-323da6517bd6}.Debug|Any CPU.ActiveCfg = Debug|Any CPU
		{268c766e-58ea-f36c-3c74-323da6517bd6}.Debug|Any CPU.Build.0 = Debug|Any CPU
		{492d9d58-1f73-1242-9045-71576a670b8e}.Debug|Any CPU.ActiveCfg = Debug|Any CPU
		{492d9d58-1f73-1242-9045-71576a670b8e}.Debug|Any CPU.Build.0 = Debug|Any CPU
		{4324eee6-0639-a544-0087-351a7628683f}.Debug|Any CPU.ActiveCfg = Debug|Any CPU
		{4324eee6-0639-a544-0087-351a7628683f}.Debug|Any CPU.Build.0 = Debug|Any CPU
		{e6855db1-a3e0-76ac-0f9a-c4d21f92f9a3}.Debug|Any CPU.ActiveCfg = Debug|Any CPU
		{e6855db1-a3e0-76ac-0f9a-c4d21f92f9a3}.Debug|Any CPU.Build.0 = Debug|Any CPU
		{478fd22d-c437-4284-50e5-739952c7b052}.Debug|Any CPU.ActiveCfg = Debug|Any CPU
		{478fd22d-c437-4284-50e5-739952c7b052}.Debug|Any CPU.Build.0 = Debug|Any CPU
		{6b12b966-09a5-34fa-9fa1-32cb5d11fcb9}.Debug|Any CPU.ActiveCfg = Debug|Any CPU
		{6b12b966-09a5-34fa-9fa1-32cb5d11fcb9}.Debug|Any CPU.Build.0 = Debug|Any CPU
		{f67e8a0a-1b20-43ca-56ca-4ed947c07212}.Debug|Any CPU.ActiveCfg = Debug|Any CPU
		{f67e8a0a-1b20-43ca-56ca-4ed947c07212}.Debug|Any CPU.Build.0 = Debug|Any CPU
		{e41bafea-f6a1-0820-c2c8-40425c6125fd}.Debug|Any CPU.ActiveCfg = Debug|Any CPU
		{e41bafea-f6a1-0820-c2c8-40425c6125fd}.Debug|Any CPU.Build.0 = Debug|Any CPU
		{f1fb3e65-2707-f77b-6a1a-50d02c3e917d}.Debug|Any CPU.ActiveCfg = Debug|Any CPU
		{f1fb3e65-2707-f77b-6a1a-50d02c3e917d}.Debug|Any CPU.Build.0 = Debug|Any CPU
		{b5231419-35b2-78e4-651f-c1dfc45260a3}.Debug|Any CPU.ActiveCfg = Debug|Any CPU
		{b5231419-35b2-78e4-651f-c1dfc45260a3}.Debug|Any CPU.Build.0 = Debug|Any CPU
		{1a3c6c38-0c7b-f347-1d81-bde4a78c1787}.Debug|Any CPU.ActiveCfg = Debug|Any CPU
		{1a3c6c38-0c7b-f347-1d81-bde4a78c1787}.Debug|Any CPU.Build.0 = Debug|Any CPU
		{734040dd-c29c-b45c-24c7-9fc77e371370}.Debug|Any CPU.ActiveCfg = Debug|Any CPU
		{734040dd-c29c-b45c-24c7-9fc77e371370}.Debug|Any CPU.Build.0 = Debug|Any CPU
		{ae97c53a-cba0-5ee4-28a1-6896146ca35e}.Debug|Any CPU.ActiveCfg = Debug|Any CPU
		{ae97c53a-cba0-5ee4-28a1-6896146ca35e}.Debug|Any CPU.Build.0 = Debug|Any CPU
		{5fc88248-82be-5e94-c526-860c0aed2324}.Debug|Any CPU.ActiveCfg = Debug|Any CPU
		{5fc88248-82be-5e94-c526-860c0aed2324}.Debug|Any CPU.Build.0 = Debug|Any CPU
		{7036571f-2bbd-3eb2-7246-93801a9f5381}.Debug|Any CPU.ActiveCfg = Debug|Any CPU
		{7036571f-2bbd-3eb2-7246-93801a9f5381}.Debug|Any CPU.Build.0 = Debug|Any CPU
		{168ec263-c0ce-5b93-13be-f155ea984174}.Debug|Any CPU.ActiveCfg = Debug|Any CPU
		{168ec263-c0ce-5b93-13be-f155ea984174}.Debug|Any CPU.Build.0 = Debug|Any CPU
		{b842bf25-6965-ac01-c3bd-1a176af7af47}.Debug|Any CPU.ActiveCfg = Debug|Any CPU
		{b842bf25-6965-ac01-c3bd-1a176af7af47}.Debug|Any CPU.Build.0 = Debug|Any CPU
		{bbf998df-51e2-36bd-3cc7-531f618987ff}.Debug|Any CPU.ActiveCfg = Debug|Any CPU
		{bbf998df-51e2-36bd-3cc7-531f618987ff}.Debug|Any CPU.Build.0 = Debug|Any CPU
		{ce34121a-6d51-f5fe-494a-23133c2c7bb4}.Debug|Any CPU.ActiveCfg = Debug|Any CPU
		{ce34121a-6d51-f5fe-494a-23133c2c7bb4}.Debug|Any CPU.Build.0 = Debug|Any CPU
	EndGlobalSection
	GlobalSection(SolutionProperties) = preSolution
		HideSolutionNode = FALSE
	EndGlobalSection
EndGlobal
